
Microsoft Visual Studio Solution File, Format Version 12.00
Project("{2150E333-8FDC-42A3-9474-1A3956D46DE8}") = "modules", "modules", "{08E264DC-47A2-4A88-823E-A2ACBE32FE8D}"
EndProject
Project("{FAE04EC0-301F-11D3-BF4B-00C04F79EFBC}") = "TaskFlow.Server", "TaskFlow.Server\TaskFlow.Server.csproj", "{A4229BAC-7910-49A1-A278-8CFE7C370706}"
EndProject
Project("{FAE04EC0-301F-11D3-BF4B-00C04F79EFBC}") = "TaskFlow.Modules.Users", "modules\TaskFlow.Modules.Users\TaskFlow.Modules.Users.csproj", "{983E955E-BDC2-4C60-BC0E-B451F1E0FA33}"
EndProject
Project("{FAE04EC0-301F-11D3-BF4B-00C04F79EFBC}") = "TaskFlow.Modules.WorkItems", "modules\TaskFlow.Modules.WorkItems\TaskFlow.Modules.WorkItems.csproj", "{9AF13864-FC6A-4B80-A51A-30483A58E02D}"
EndProject
Project("{FAE04EC0-301F-11D3-BF4B-00C04F79EFBC}") = "TaskFlow.Modules.Assistant", "modules\TaskFlow.Modules.Assistant\TaskFlow.Modules.Assistant.csproj", "{7056B602-187B-4675-8270-DDBEBBAB8E31}"
EndProject
Global
	GlobalSection(SolutionConfigurationPlatforms) = preSolution
		Debug|Any CPU = Debug|Any CPU
		Release|Any CPU = Release|Any CPU
	EndGlobalSection
	GlobalSection(ProjectConfigurationPlatforms) = postSolution
		{A4229BAC-7910-49A1-A278-8CFE7C370706}.Debug|Any CPU.ActiveCfg = Debug|Any CPU
		{A4229BAC-7910-49A1-A278-8CFE7C370706}.Debug|Any CPU.Build.0 = Debug|Any CPU
		{A4229BAC-7910-49A1-A278-8CFE7C370706}.Release|Any CPU.ActiveCfg = Release|Any CPU
		{A4229BAC-7910-49A1-A278-8CFE7C370706}.Release|Any CPU.Build.0 = Release|Any CPU
		{983E955E-BDC2-4C60-BC0E-B451F1E0FA33}.Debug|Any CPU.ActiveCfg = Debug|Any CPU
		{983E955E-BDC2-4C60-BC0E-B451F1E0FA33}.Debug|Any CPU.Build.0 = Debug|Any CPU
		{983E955E-BDC2-4C60-BC0E-B451F1E0FA33}.Release|Any CPU.ActiveCfg = Release|Any CPU
		{983E955E-BDC2-4C60-BC0E-B451F1E0FA33}.Release|Any CPU.Build.0 = Release|Any CPU
		{9AF13864-FC6A-4B80-A51A-30483A58E02D}.Debug|Any CPU.ActiveCfg = Debug|Any CPU
		{9AF13864-FC6A-4B80-A51A-30483A58E02D}.Debug|Any CPU.Build.0 = Debug|Any CPU
		{9AF13864-FC6A-4B80-A51A-30483A58E02D}.Release|Any CPU.ActiveCfg = Release|Any CPU
		{9AF13864-FC6A-4B80-A51A-30483A58E02D}.Release|Any CPU.Build.0 = Release|Any CPU
		{7056B602-187B-4675-8270-DDBEBBAB8E31}.Debug|Any CPU.ActiveCfg = Debug|Any CPU
		{7056B602-187B-4675-8270-DDBEBBAB8E31}.Debug|Any CPU.Build.0 = Debug|Any CPU
		{7056B602-187B-4675-8270-DDBEBBAB8E31}.Release|Any CPU.ActiveCfg = Release|Any CPU
		{7056B602-187B-4675-8270-DDBEBBAB8E31}.Release|Any CPU.Build.0 = Release|Any CPU
	EndGlobalSection
	GlobalSection(NestedProjects) = preSolution
		{983E955E-BDC2-4C60-BC0E-B451F1E0FA33} = {08E264DC-47A2-4A88-823E-A2ACBE32FE8D}
		{9AF13864-FC6A-4B80-A51A-30483A58E02D} = {08E264DC-47A2-4A88-823E-A2ACBE32FE8D}
		{7056B602-187B-4675-8270-DDBEBBAB8E31} = {08E264DC-47A2-4A88-823E-A2ACBE32FE8D}
	EndGlobalSection
EndGlobal
